
Microsoft Visual Studio Solution File, Format Version 12.00
# Visual Studio Version 17
VisualStudioVersion = 17.14.36414.22 d17.14
MinimumVisualStudioVersion = 10.0.40219.1
Project("{FAE04EC0-301F-11D3-BF4B-00C04F79EFBC}") = "WorldSimulator", "WorldSimulator.csproj", "{7B3E0CB3-AFB3-4891-9985-FEBF2E0DADE1}"
EndProject
Global
	GlobalSection(SolutionConfigurationPlatforms) = preSolution
		Debug|Any CPU = Debug|Any CPU
		Release|Any CPU = Release|Any CPU
	EndGlobalSection
	GlobalSection(ProjectConfigurationPlatforms) = postSolution
		{7B3E0CB3-AFB3-4891-9985-FEBF2E0DADE1}.Debug|Any CPU.ActiveCfg = Debug|Any CPU
		{7B3E0CB3-AFB3-4891-9985-FEBF2E0DADE1}.Debug|Any CPU.Build.0 = Debug|Any CPU
		{7B3E0CB3-AFB3-4891-9985-FEBF2E0DADE1}.Release|Any CPU.ActiveCfg = Release|Any CPU
		{7B3E0CB3-AFB3-4891-9985-FEBF2E0DADE1}.Release|Any CPU.Build.0 = Release|Any CPU
	EndGlobalSection
	GlobalSection(SolutionProperties) = preSolution
		HideSolutionNode = FALSE
	EndGlobalSection
	GlobalSection(ExtensibilityGlobals) = postSolution
		SolutionGuid = {1EFD93E8-8F1D-418E-89D7-28D889A2185F}
	EndGlobalSection
EndGlobal
